
Microsoft Visual Studio Solution File, Format Version 12.00
# Visual Studio Version 17
VisualStudioVersion = 17.14.36212.18 d17.14
MinimumVisualStudioVersion = 10.0.40219.1
Project("{FAE04EC0-301F-11D3-BF4B-00C04F79EFBC}") = "ProGitForProgrammers", "ProGitForProgrammers\ProGitForProgrammers.csproj", "{A6FEE3B8-DED0-4EEA-B540-4DDA13DDB8C5}"
EndProject
Global
	GlobalSection(SolutionConfigurationPlatforms) = preSolution
		Debug|Any CPU = Debug|Any CPU
		Release|Any CPU = Release|Any CPU
	EndGlobalSection
	GlobalSection(ProjectConfigurationPlatforms) = postSolution
		{A6FEE3B8-DED0-4EEA-B540-4DDA13DDB8C5}.Debug|Any CPU.ActiveCfg = Debug|Any CPU
		{A6FEE3B8-DED0-4EEA-B540-4DDA13DDB8C5}.Debug|Any CPU.Build.0 = Debug|Any CPU
		{A6FEE3B8-DED0-4EEA-B540-4DDA13DDB8C5}.Release|Any CPU.ActiveCfg = Release|Any CPU
		{A6FEE3B8-DED0-4EEA-B540-4DDA13DDB8C5}.Release|Any CPU.Build.0 = Release|Any CPU
	EndGlobalSection
	GlobalSection(SolutionProperties) = preSolution
		HideSolutionNode = FALSE
	EndGlobalSection
	GlobalSection(ExtensibilityGlobals) = postSolution
		SolutionGuid = {00C41559-A8AE-4367-B9DF-C0246207C329}
	EndGlobalSection
EndGlobal
